{
    "_meta": {
        "hash": {
            "sha256": "64531e41c99cbfbdbf84bd4cb1dd54161c7941c23ca9e07ed37111bc11fd3013"
        },
        "pipfile-spec": 6,
        "requires": {
            "python_version": "3.8"
        },
        "sources": [
            {
                "name": "pypi",
                "url": "https://pypi.org/simple",
                "verify_ssl": true
            }
        ]
    },
    "default": {
        "cvxpy": {
            "hashes": [
                "sha256:0a57b866d36783fb122c563453f36860b877fda2c45763e872ed4a007c289af6",
                "sha256:2bbd7377aa56352923889a83feb1c4ec2f68c862c556b96e7f0471fa63123a86",
                "sha256:330eb76e8369c360b68d9231c6eb350848e373b5952134f9bfebaed1a4c4211f",
                "sha256:40f8a446446070c7d336270ba69a553a9b139af264b09675e9c85d3751d3c840",
                "sha256:4247938236794c3c5c34cf26b11869dc15404cfe951b1f4080e9d510fcf81182",
                "sha256:46b29e622c7e9cb5463f514e7d9fc5f17129b89991a753c215f021f59442e386",
                "sha256:6718b6555f3719f6da9bd729fb810f860cf8dcd7b48212a223a41532c5cca6dd",
                "sha256:a4a7ca9af06775dfe63dfb0a5937ab3e83cee6f5fdc1472c09a36a32cc3beeb8",
                "sha256:ae67a06616bf19bf0ee02732b2d7a47fe4a265cbcd56fb500107eba712281440",
                "sha256:e5512489a5ba83801579fb142e711fda8df72c055df5652ffae4e51a96d437d6"
            ],
            "markers": "python_version >= '3.5'",
            "version": "==1.1.7"
        },
        "cycler": {
            "hashes": [
                "sha256:1d8a5ae1ff6c5cf9b93e8811e581232ad8920aeec647c37316ceac982b08cb2d",
                "sha256:cd7b2d1018258d7247a71425e9f26463dfb444d411c39569972f4ce586b0c9d8"
            ],
            "version": "==0.10.0"
        },
        "decorator": {
            "hashes": [
                "sha256:41fa54c2a0cc4ba648be4fd43cff00aedf5b9465c9bf18d64325bc225f08f760",
                "sha256:e3a62f0520172440ca0dcc823749319382e377f37f140a0b99ef45fecb84bfe7"
            ],
            "version": "==4.4.2"
        },
        "ecos": {
            "hashes": [
                "sha256:1f811e7244a58a7037474b3dead85c7ffd524cf631c90584cc544e438f114cf9",
                "sha256:30e7e9c5ad8a012ba1f69aa6827beb99f208323f678a82fcccc30e4ab8090aad",
                "sha256:361758a3568eb5a3a9b37c00a22b36f9548bbd0cd21f1da904a3627285bb4274",
                "sha256:4b3068ef023c4f39f6c0d6fd73d27d8a8008f8b14e1f4ddd8d0f4876e841b986",
                "sha256:4f775caf828597d094cddae54f7ed12b4a5aa760f535a92ccabec47741e4d61c",
                "sha256:4fdfee011853cd07d494ef58a9299b1f0ccf0268c375109cb2b60727f746ea74",
                "sha256:54f7c480029fbfa738ddb8e538388868b2a17c9189a426d924ca0c36e4cbbbd5",
                "sha256:574fa26661d192e48551a30e217296875020fdb7eebf9a072a14d68a0b9de03a",
                "sha256:6b0829b76ba49f6ebf8b9512673a0b702b756704927cbb106043e1b2273dadea",
                "sha256:72657189f71dbde01d1df841d2139e04da17071c8d3270919c8501f239d8c8e4",
                "sha256:7c871b7a49a5855e7df0d60a06d0e2148a4b183d612f7db5e155988629c3ec21",
                "sha256:831acb6bac205025ffe87002d8f425d2764a70db3d9d053a1f7e0e50bc2a18b9",
                "sha256:83e90f42b3f32e2a93f255c3cfad2da78dbd859119e93844c45d2fca20bdc758",
                "sha256:845455f99cd579ee0cdfbcea675b4e4f7674b563e6a54a225977fc0819cda7e0",
                "sha256:912b17f72476aff33b32e92decd7c02ddb929db28227563b3750948783cff6f4",
                "sha256:94dd0f82a18550232e4924e6c42730c46d7cdc03c4e2dc889e98ec97c0f24061",
                "sha256:96ddc1c4e440820bb343c44785da480a64a9c468ec467b997e40f0c7d3236226",
                "sha256:db7433051f6072d4821ebc582e9ff853d7d631ed98770550d248eae70b29dd26",
                "sha256:dd9f01e28fe58894fb394931804884122606fb4e2a59d4514b803e9cd11b7d2b",
                "sha256:e002df0f4b6777be68c73756e60f3cf76cb5f2f7d36c4f1a482c5538aac1a287",
                "sha256:fb64fb29aef26474f807df4f0c198a6d192291edc9faa3bb05e3bc9b1e2b960a",
                "sha256:feda86ddd191b1ae34d5ea615743894d1baa800f2dbb552cb7c7095a87037831"
            ],
            "version": "==2.0.7.post1"
        },
        "freetype-py": {
            "hashes": [
                "sha256:719a639040484a063b99421d104e3911a860d2e034b67769ae438bc1d4aa6e1f",
                "sha256:8059ebad562d465555fa556739906a2429381ba6206989afe2b7c8c87fad19d8",
                "sha256:cf43716bc5246cd54a64b2238b942e8dc80b79eda92f814c720286fa6fab387a",
                "sha256:ede78730db61dc17c4524412aa3fccf038ede65400aa49b9e0a73a7e839a91a2"
            ],
            "markers": "python_version >= '3.6'",
            "version": "==2.2.0"
        },
        "future": {
            "hashes": [
                "sha256:b1bead90b70cf6ec3f0710ae53a525360fa360d306a86583adc6bf83a4db537d"
            ],
            "markers": "python_version >= '2.6' and python_version not in '3.0, 3.1, 3.2, 3.3'",
            "version": "==0.18.2"
        },
        "graphik": {
            "editable": true,
            "path": "."
        },
        "imageio": {
            "hashes": [
                "sha256:3604d751f03002e8e0e7650aa71d8d9148144a87daf17cb1f3228e80747f2e6b",
                "sha256:52ddbaeca2dccf53ba2d6dec5676ca7bc3b2403ef8b37f7da78b7654bb3e10f0"
            ],
            "version": "==2.9.0"
        },
        "kiwisolver": {
            "hashes": [
                "sha256:0cd53f403202159b44528498de18f9285b04482bab2a6fc3f5dd8dbb9352e30d",
                "sha256:1e1bc12fb773a7b2ffdeb8380609f4f8064777877b2225dec3da711b421fda31",
                "sha256:225e2e18f271e0ed8157d7f4518ffbf99b9450fca398d561eb5c4a87d0986dd9",
                "sha256:232c9e11fd7ac3a470d65cd67e4359eee155ec57e822e5220322d7b2ac84fbf0",
                "sha256:31dfd2ac56edc0ff9ac295193eeaea1c0c923c0355bf948fbd99ed6018010b72",
                "sha256:33449715e0101e4d34f64990352bce4095c8bf13bed1b390773fc0a7295967b3",
                "sha256:401a2e9afa8588589775fe34fc22d918ae839aaaf0c0e96441c0fdbce6d8ebe6",
                "sha256:44a62e24d9b01ba94ae7a4a6c3fb215dc4af1dde817e7498d901e229aaf50e4e",
                "sha256:50af681a36b2a1dee1d3c169ade9fdc59207d3c31e522519181e12f1b3ba7000",
                "sha256:563c649cfdef27d081c84e72a03b48ea9408c16657500c312575ae9d9f7bc1c3",
                "sha256:5989db3b3b34b76c09253deeaf7fbc2707616f130e166996606c284395da3f18",
                "sha256:5a7a7dbff17e66fac9142ae2ecafb719393aaee6a3768c9de2fd425c63b53e21",
                "sha256:5c3e6455341008a054cccee8c5d24481bcfe1acdbc9add30aa95798e95c65621",
                "sha256:5f6ccd3dd0b9739edcf407514016108e2280769c73a85b9e59aa390046dbf08b",
                "sha256:72c99e39d005b793fb7d3d4e660aed6b6281b502e8c1eaf8ee8346023c8e03bc",
                "sha256:78751b33595f7f9511952e7e60ce858c6d64db2e062afb325985ddbd34b5c131",
                "sha256:834ee27348c4aefc20b479335fd422a2c69db55f7d9ab61721ac8cd83eb78882",
                "sha256:8be8d84b7d4f2ba4ffff3665bcd0211318aa632395a1a41553250484a871d454",
                "sha256:950a199911a8d94683a6b10321f9345d5a3a8433ec58b217ace979e18f16e248",
                "sha256:a357fd4f15ee49b4a98b44ec23a34a95f1e00292a139d6015c11f55774ef10de",
                "sha256:a53d27d0c2a0ebd07e395e56a1fbdf75ffedc4a05943daf472af163413ce9598",
                "sha256:acef3d59d47dd85ecf909c359d0fd2c81ed33bdff70216d3956b463e12c38a54",
                "sha256:b38694dcdac990a743aa654037ff1188c7a9801ac3ccc548d3341014bc5ca278",
                "sha256:b9edd0110a77fc321ab090aaa1cfcaba1d8499850a12848b81be2222eab648f6",
                "sha256:c08e95114951dc2090c4a630c2385bef681cacf12636fb0241accdc6b303fd81",
                "sha256:c5518d51a0735b1e6cee1fdce66359f8d2b59c3ca85dc2b0813a8aa86818a030",
                "sha256:c8fd0f1ae9d92b42854b2979024d7597685ce4ada367172ed7c09edf2cef9cb8",
                "sha256:ca3820eb7f7faf7f0aa88de0e54681bddcb46e485beb844fcecbcd1c8bd01689",
                "sha256:cf8b574c7b9aa060c62116d4181f3a1a4e821b2ec5cbfe3775809474113748d4",
                "sha256:d3155d828dec1d43283bd24d3d3e0d9c7c350cdfcc0bd06c0ad1209c1bbc36d0",
                "sha256:f8d6f8db88049a699817fd9178782867bf22283e3813064302ac59f61d95be05",
                "sha256:fd34fbbfbc40628200730bc1febe30631347103fc8d3d4fa012c21ab9c11eca9"
            ],
            "markers": "python_version >= '3.6'",
            "version": "==1.3.1"
        },
        "liegroups": {
            "git": "ssh://git@github.com/utiasSTARS/liegroups",
            "ref": "11e0203048def0345097cb42c664aa91435c3dd0"
        },
        "llvmlite": {
            "hashes": [
                "sha256:05253f3f44fab0148276335b2c1b2c4a78143dfa78e6bafd7f937d6248f297cc",
                "sha256:11342e5ac320c953590bdd9d0dec8c52f4b5252c4c6335ba25f1e7b9f91f9325",
                "sha256:132322bc084abf336c80dd106f9357978c8c085911fb656898d3be0d9ff057ea",
                "sha256:28264f9e2b3df4135cbcfca5a91c5b0b31dd3fc02fa623b4bb13327f0cd4fc80",
                "sha256:408b15ffec30696406e821c89da010f1bb1eb0aa572be4561c98eb2536d610ab",
                "sha256:5acdc3c3c7ea0ef7a1a6b442272e05d695bc8492e5b07666135ed1cfbf4ab9d2",
                "sha256:5bdf0ce430adfaf938ced5844d12f80616eb8321b5b9edfc45ef84ada5c5242c",
                "sha256:5d1f370bf150db7239204f09cf6a0603292ea28bac984e69b167e16fe160d803",
                "sha256:6d3f81992f52a94077e7b9b16497029daf5b5eebb2cce56f3c8345bbc9c6308e",
                "sha256:8f344102745fceba6eb5bf03c228bb290e9bc79157e9506a4a72878d636f9b3c",
                "sha256:964f8f7a2184963cb3617d057c2382575953e488b7bb061b632ee014cfef110a",
                "sha256:9ff1dcdad03be0cf953aca5fc8cffdca25ccee2ec9e8ec7e95571722cdc02d55",
                "sha256:bb96989bc57a1ccb131e7a0e061d07b68139b6f81a98912345d53d9239e231e1",
                "sha256:d841248d1c630426c93e3eb3f8c45bca0dab77c09faeb7553b1a500220e362ce",
                "sha256:e08d9d2dc5a31636bfc6b516d2d7daba95632afa3419eb8730dc76a7951e9558",
                "sha256:f03ee0d19bca8f2fe922bb424a909d05c28411983b0c2bc58b020032a0d11f63"
            ],
            "markers": "python_version >= '3.6'",
            "version": "==0.34.0"
        },
        "lxml": {
            "hashes": [
                "sha256:098fb713b31050463751dcc694878e1d39f316b86366fb9fe3fbbe5396ac9fab",
                "sha256:0e89f5d422988c65e6936e4ec0fe54d6f73f3128c80eb7ecc3b87f595523607b",
                "sha256:189ad47203e846a7a4951c17694d845b6ade7917c47c64b29b86526eefc3adf5",
                "sha256:1d87936cb5801c557f3e981c9c193861264c01209cb3ad0964a16310ca1b3301",
                "sha256:211b3bcf5da70c2d4b84d09232534ad1d78320762e2c59dedc73bf01cb1fc45b",
                "sha256:2358809cc64394617f2719147a58ae26dac9e21bae772b45cfb80baa26bfca5d",
                "sha256:23c83112b4dada0b75789d73f949dbb4e8f29a0a3511647024a398ebd023347b",
                "sha256:24e811118aab6abe3ce23ff0d7d38932329c513f9cef849d3ee88b0f848f2aa9",
                "sha256:2d5896ddf5389560257bbe89317ca7bcb4e54a02b53a3e572e1ce4226512b51b",
                "sha256:2d6571c48328be4304aee031d2d5046cbc8aed5740c654575613c5a4f5a11311",
                "sha256:2e311a10f3e85250910a615fe194839a04a0f6bc4e8e5bb5cac221344e3a7891",
                "sha256:302160eb6e9764168e01d8c9ec6becddeb87776e81d3fcb0d97954dd51d48e0a",
                "sha256:3a7a380bfecc551cfd67d6e8ad9faa91289173bdf12e9cfafbd2bdec0d7b1ec1",
                "sha256:3d9b2b72eb0dbbdb0e276403873ecfae870599c83ba22cadff2db58541e72856",
                "sha256:475325e037fdf068e0c2140b818518cf6bc4aa72435c407a798b2db9f8e90810",
                "sha256:4b7572145054330c8e324a72d808c8c8fbe12be33368db28c39a255ad5f7fb51",
                "sha256:4fff34721b628cce9eb4538cf9a73d02e0f3da4f35a515773cce6f5fe413b360",
                "sha256:56eff8c6fb7bc4bcca395fdff494c52712b7a57486e4fbde34c31bb9da4c6cc4",
                "sha256:573b2f5496c7e9f4985de70b9bbb4719ffd293d5565513e04ac20e42e6e5583f",
                "sha256:7ecaef52fd9b9535ae5f01a1dd2651f6608e4ec9dc136fc4dfe7ebe3c3ddb230",
                "sha256:803a80d72d1f693aa448566be46ffd70882d1ad8fc689a2e22afe63035eb998a",
                "sha256:8862d1c2c020cb7a03b421a9a7b4fe046a208db30994fc8ff68c627a7915987f",
                "sha256:9b06690224258db5cd39a84e993882a6874676f5de582da57f3df3a82ead9174",
                "sha256:a71400b90b3599eb7bf241f947932e18a066907bf84617d80817998cee81e4bf",
                "sha256:bb252f802f91f59767dcc559744e91efa9df532240a502befd874b54571417bd",
                "sha256:be1ebf9cc25ab5399501c9046a7dcdaa9e911802ed0e12b7d620cd4bbf0518b3",
                "sha256:be7c65e34d1b50ab7093b90427cbc488260e4b3a38ef2435d65b62e9fa3d798a",
                "sha256:c0dac835c1a22621ffa5e5f999d57359c790c52bbd1c687fe514ae6924f65ef5",
                "sha256:c152b2e93b639d1f36ec5a8ca24cde4a8eefb2b6b83668fcd8e83a67badcb367",
                "sha256:d182eada8ea0de61a45a526aa0ae4bcd222f9673424e65315c35820291ff299c",
                "sha256:d18331ea905a41ae71596502bd4c9a2998902328bbabd29e3d0f5f8569fabad1",
                "sha256:d20d32cbb31d731def4b1502294ca2ee99f9249b63bc80e03e67e8f8e126dea8",
                "sha256:d4ad7fd3269281cb471ad6c7bafca372e69789540d16e3755dd717e9e5c9d82f",
                "sha256:d6f8c23f65a4bfe4300b85f1f40f6c32569822d08901db3b6454ab785d9117cc",
                "sha256:d84d741c6e35c9f3e7406cb7c4c2e08474c2a6441d59322a00dcae65aac6315d",
                "sha256:e65c221b2115a91035b55a593b6eb94aa1206fa3ab374f47c6dc10d364583ff9",
                "sha256:f98b6f256be6cec8dd308a8563976ddaff0bdc18b730720f6f4bee927ffe926f"
            ],
            "markers": "python_version >= '2.7' and python_version not in '3.0, 3.1, 3.2, 3.3, 3.4'",
            "version": "==4.6.1"
        },
        "matplotlib": {
            "hashes": [
                "sha256:09225edca87a79815822eb7d3be63a83ebd4d9d98d5aa3a15a94f4eee2435954",
                "sha256:0caa687fce6174fef9b27d45f8cc57cbc572e04e98c81db8e628b12b563d59a2",
                "sha256:27c9393fada62bd0ad7c730562a0fecbd3d5aaa8d9ed80ba7d3ebb8abc4f0453",
                "sha256:2c2c5041608cb75c39cbd0ed05256f8a563e144234a524c59d091abbfa7a868f",
                "sha256:2d31aff0c8184b05006ad756b9a4dc2a0805e94d28f3abc3187e881b6673b302",
                "sha256:3a4c3e9be63adf8e9b305aa58fb3ec40ecc61fd0f8fd3328ce55bc30e7a2aeb0",
                "sha256:5111d6d47a0f5b8f3e10af7a79d5e7eb7e73a22825391834734274c4f312a8a0",
                "sha256:5ed3d3342698c2b1f3651f8ea6c099b0f196d16ee00e33dc3a6fee8cb01d530a",
                "sha256:6ffd2d80d76df2e5f9f0c0140b5af97e3b87dd29852dcdb103ec177d853ec06b",
                "sha256:746897fbd72bd462b888c74ed35d812ca76006b04f717cd44698cdfc99aca70d",
                "sha256:756ee498b9ba35460e4cbbd73f09018e906daa8537fff61da5b5bf8d5e9de5c7",
                "sha256:7ad44f2c74c50567c694ee91c6fa16d67e7c8af6f22c656b80469ad927688457",
                "sha256:83e6c895d93fdf93eeff1a21ee96778ba65ef258e5d284160f7c628fee40c38f",
                "sha256:9b03722c89a43a61d4d148acfc89ec5bb54cd0fd1539df25b10eb9c5fa6c393a",
                "sha256:a4fe54eab2c7129add75154823e6543b10261f9b65b2abe692d68743a4999f8c",
                "sha256:b1b60c6476c4cfe9e5cf8ab0d3127476fd3d5f05de0f343a452badaad0e4bdec",
                "sha256:b26c472847911f5a7eb49e1c888c31c77c4ddf8023c1545e0e8e0367ba74fb15",
                "sha256:b2a5e1f637a92bb6f3526cc54cc8af0401112e81ce5cba6368a1b7908f9e18bc",
                "sha256:b7b09c61a91b742cb5460b72efd1fe26ef83c1c704f666e0af0df156b046aada",
                "sha256:b8ba2a1dbb4660cb469fe8e1febb5119506059e675180c51396e1723ff9b79d9",
                "sha256:c092fc4673260b1446b8578015321081d5db73b94533fe4bf9b69f44e948d174",
                "sha256:c586ac1d64432f92857c3cf4478cfb0ece1ae18b740593f8a39f2f0b27c7fda5",
                "sha256:d082f77b4ed876ae94a9373f0db96bf8768a7cca6c58fc3038f94e30ffde1880",
                "sha256:e71cdd402047e657c1662073e9361106c6981e9621ab8c249388dfc3ec1de07b",
                "sha256:eb6b6700ea454bb88333d98601e74928e06f9669c1ea231b4c4c666c1d7701b4"
            ],
            "markers": "python_version >= '3.6'",
            "version": "==3.3.3"
        },
        "mpmath": {
            "hashes": [
                "sha256:fc17abe05fbab3382b61a123c398508183406fa132e0223874578e20946499f6"
            ],
            "version": "==1.1.0"
        },
        "networkx": {
            "hashes": [
                "sha256:45e56f7ab6fe81652fb4bc9f44faddb0e9025f469f602df14e3b2551c2ea5c8b"
            ],
            "markers": "python_version >= '3.6'",
            "version": "==2.2"
        },
        "numba": {
            "hashes": [
                "sha256:025b033fd31c44bba17802293c81270084b5454b5b055b8c10c394385c232f00",
                "sha256:05da65dca2ac28a192c9d8f20e9e477eb1237205cfc4d131c414f5f8092c6639",
                "sha256:081788f584fa500339e9b74bf02e3c5029d408c114e555ada19cae0b92721416",
                "sha256:106736d5a8dab6bebce989d4ab1b3f169c264582598f172e6e5b736210d2e834",
                "sha256:16bd59572114adbf5f600ea383880d7b2071ae45477e84a24994e089ea390768",
                "sha256:259e7c15b24feec4a99fb41eb8c47b5ad49b544d1a5ad40ad0252ef531ba06fd",
                "sha256:31cdf6b6d1301d5fb6c4fcb8b4c711ba5c9f60ba2fca008b550da9b56185367c",
                "sha256:5416b584183fd599afda11b947b64f89450fcf26a9c15b408167f412b98a3a94",
                "sha256:93e18350f2094e7432321c1275730a3143b94af012fb609cc180fa376c44867f",
                "sha256:9e2bb1f129bfadd757ad7a9c18ab79c3ab25ce6d6a68e58565d6c52ad07b3566",
                "sha256:a12f16fdb4ca5edc94e2ef412e4e768c29217ef9b6fdfc237d064ebe30acfe14",
                "sha256:a628122dacfcba9a3ea68a9e95578c6b6391016e34962c46550ea8e189e0412e",
                "sha256:aee435e3b7e465dd49971f8ea76aa414532a87736916cb399534e017334d1138",
                "sha256:af798310eeb318c56cdb83254abbe9a938cc0182d08671d7f9f032dc817e064d",
                "sha256:bbbe2432433b11d3fadab0226a84c1a81918cb905ba1aeb022249e8d2ba8856c",
                "sha256:df6edca13c04a31fdb5addf5205199478a7da372712829157ef491e8a6e7031f"
            ],
            "markers": "python_version >= '3.6'",
            "version": "==0.51.2"
        },
        "numpy": {
            "hashes": [
                "sha256:08308c38e44cc926bdfce99498b21eec1f848d24c302519e64203a8da99a97db",
                "sha256:09c12096d843b90eafd01ea1b3307e78ddd47a55855ad402b157b6c4862197ce",
                "sha256:13d166f77d6dc02c0a73c1101dd87fdf01339febec1030bd810dcd53fff3b0f1",
                "sha256:141ec3a3300ab89c7f2b0775289954d193cc8edb621ea05f99db9cb181530512",
                "sha256:16c1b388cc31a9baa06d91a19366fb99ddbe1c7b205293ed072211ee5bac1ed2",
                "sha256:18bed2bcb39e3f758296584337966e68d2d5ba6aab7e038688ad53c8f889f757",
                "sha256:1aeef46a13e51931c0b1cf8ae1168b4a55ecd282e6688fdb0a948cc5a1d5afb9",
                "sha256:27d3f3b9e3406579a8af3a9f262f5339005dd25e0ecf3cf1559ff8a49ed5cbf2",
                "sha256:2a2740aa9733d2e5b2dfb33639d98a64c3b0f24765fed86b0fd2aec07f6a0a08",
                "sha256:4377e10b874e653fe96985c05feed2225c912e328c8a26541f7fc600fb9c637b",
                "sha256:448ebb1b3bf64c0267d6b09a7cba26b5ae61b6d2dbabff7c91b660c7eccf2bdb",
                "sha256:50e86c076611212ca62e5a59f518edafe0c0730f7d9195fec718da1a5c2bb1fc",
                "sha256:5734bdc0342aba9dfc6f04920988140fb41234db42381cf7ccba64169f9fe7ac",
                "sha256:64324f64f90a9e4ef732be0928be853eee378fd6a01be21a0a8469c4f2682c83",
                "sha256:6ae6c680f3ebf1cf7ad1d7748868b39d9f900836df774c453c11c5440bc15b36",
                "sha256:6d7593a705d662be5bfe24111af14763016765f43cb6923ed86223f965f52387",
                "sha256:8cac8790a6b1ddf88640a9267ee67b1aee7a57dfa2d2dd33999d080bc8ee3a0f",
                "sha256:8ece138c3a16db8c1ad38f52eb32be6086cc72f403150a79336eb2045723a1ad",
                "sha256:9eeb7d1d04b117ac0d38719915ae169aa6b61fca227b0b7d198d43728f0c879c",
                "sha256:a09f98011236a419ee3f49cedc9ef27d7a1651df07810ae430a6b06576e0b414",
                "sha256:a5d897c14513590a85774180be713f692df6fa8ecf6483e561a6d47309566f37",
                "sha256:ad6f2ff5b1989a4899bf89800a671d71b1612e5ff40866d1f4d8bcf48d4e5764",
                "sha256:c42c4b73121caf0ed6cd795512c9c09c52a7287b04d105d112068c1736d7c753",
                "sha256:cb1017eec5257e9ac6209ac172058c430e834d5d2bc21961dceeb79d111e5909",
                "sha256:d6c7bb82883680e168b55b49c70af29b84b84abb161cbac2800e8fcb6f2109b6",
                "sha256:e452dc66e08a4ce642a961f134814258a082832c78c90351b75c41ad16f79f63",
                "sha256:e5b6ed0f0b42317050c88022349d994fe72bfe35f5908617512cd8c8ef9da2a9",
                "sha256:e9b30d4bd69498fc0c3fe9db5f62fffbb06b8eb9321f92cc970f2969be5e3949",
                "sha256:ec149b90019852266fec2341ce1db513b843e496d5a8e8cdb5ced1923a92faab",
                "sha256:edb01671b3caae1ca00881686003d16c2209e07b7ef8b7639f1867852b948f7c",
                "sha256:f0d3929fe88ee1c155129ecd82f981b8856c5d97bcb0d5f23e9b4242e79d1de3",
                "sha256:f29454410db6ef8126c83bd3c968d143304633d45dc57b51252afbd79d700893",
                "sha256:fe45becb4c2f72a0907c1d0246ea6449fe7a9e2293bb0e11c4e9a32bb0930a15",
                "sha256:fedbd128668ead37f33917820b704784aff695e0019309ad446a6d0b065b57e4"
            ],
            "markers": "python_version >= '3.6'",
            "version": "==1.19.4"
        },
        "osqp": {
            "hashes": [
                "sha256:091d07986ed0175bcb5026f404f26d58a1f53e4ddc48f052c491d1b168cdb098",
                "sha256:0d68364bd59331926e3b9adcbecbba513fdf9440fb1e32d81209f862fc372e11",
                "sha256:14ddc5a2e49f68e5fd2b727697b56f36d4c5ea9e1aef517a867564b835be61c8",
                "sha256:1cd39bb3e63ff165ec8da5dddbbd0db83832e75b32e273b1387f4ddd080953c3",
                "sha256:1efd742d31b68a4c35ddd0ac4663b826fd02f04e6ce5ed0ed2bf8b7ec3a7486c",
                "sha256:2e4ab864315a3252974db0bd32586ecc3caf8e6f5b01de3b832c54b8b3084978",
                "sha256:34f4a8eb721f7dfb2f9475f326219fa8311b84728bc6a8261a11bb431c1f6224",
                "sha256:42d9a897b3da48cdbb81ad1aca4accb413b647fa181b13a1e47e91537c7ff00c",
                "sha256:47b17996526d6ecdf35cfaead6e3e05d34bc2ad48bcb743153cefe555ecc0e8c",
                "sha256:56088ea395eccd0d16a7a242330ece9064f53534722fa40697514851653fa88d",
                "sha256:567b89f6750d5388e67b749ec978ebb5d1500ea8389dc00d3eea9003267649fe",
                "sha256:58cacc6ffe95c937c129fd67a8cea274e89c24e41d42e755a8a1699dd43858a6",
                "sha256:5d53980a360dfc696f097dfd2b2bcd2fdeb451e83421f8f5a3b5c10e0d8f062f",
                "sha256:6060f03875823e0404e96fcee718dacf1e905920923eb474af6f78384cfb897f",
                "sha256:652f7c2b3a610df43bc449aa112cc90bc161733cfe1920bc193a113efc7de999",
                "sha256:6cd482506ed4e43c025e3cc339bc54bcf9d45033602fa3620db3519916a087a7",
                "sha256:72bca52b84c7ea7762c42e2fd801b301eb2990b7f033887c997fd1b91623d110",
                "sha256:777528b89623a356f0ae17c057fdb3fd4f19913f9194284c804196587c27e9b5",
                "sha256:7f87e3f25d8d094587133351acb0fd5653821a2111241d5b26d8b5f1dcc2fc14",
                "sha256:847c678eafaf9612c2ef1176adf7099311f807257d2979f446e44d4b3c96ce86",
                "sha256:8821a9cf7d10a01de5c171bc11b810fa5792424be6c3738d89f6f56d02d56bc1",
                "sha256:8a2f181dfbf76ba217cc47e63b74bd0edb164f6a9dd921dc9b449e3c5b6d4b86",
                "sha256:8bb9c40189f747237e12b50c16fd83b6a923935be5fbfadc4dec7582669fd516",
                "sha256:8e577f8443e25f880e75e8bab104a333804eef2f46be82fd2d1d5d6105a6068a",
                "sha256:8f1a4c88f544049b70a42a0fcdb99c898e548e1977d6bfe8e7733b11b0db29f2",
                "sha256:925cd444bbf603df60957387f09d1e0cd0de76fb5aff97a537479a2c03bb54d7",
                "sha256:95488cde3a2eae64dfe33ec2beb2282ac5b0c8bb06ca5e2f1da5aa46ec53e38e",
                "sha256:a1fce07d1eed1e8e0d0b978fe1b358bd82ab3788a5de5db0646ade596410c453",
                "sha256:a6f7dc299b562d502eabd183c2ea10232208fac6be9e70ad726a56707b3cc50e",
                "sha256:abf2aef840b62a893ee40c40a0c9cd783439d3cbfe3d522cbf25de9149e9337e",
                "sha256:ae0c2603af0446f833194cffc340e3abd0da85fbb58636aac7dd9706bcaaa166",
                "sha256:b1d141835a5707074c630bdbff0fad05daedfb17b1130fb684ccac19bbb24ac4",
                "sha256:c11e5e8b450babedbc0632a164962b39688a7cefbd726ed97633274031d6975f",
                "sha256:c345b5c9895881eec2b2d6aa6cc93784a29625cd741ec9d603be1d37360e032c",
                "sha256:cebae971823a5f8dbaa4ebd4c235a16df16d8a428a31b8a0a5c9bc2cd8b9ef82",
                "sha256:d062277e8d86c3a68b3609e4f966e3c3a726febcd587359c0dc45f65bb2a01aa",
                "sha256:d624f4c295bce04eb44ac005eb6900fc4411c442b39980b9ff0fcda5af60dd30",
                "sha256:dd7a68e11590216ee223e0f8b07748d6890104d9890b430f76ad5c693d2e694a",
                "sha256:e780b60fac0745ea9b2c447b95fe6fc84596d70e7a7a5a08d2a821ae49d0d952",
                "sha256:e853480dd451d22a4a5fa967111f1299090c6b7be20b717f44c22cf0047e0407",
                "sha256:ebb087917600ca105c3e69a288215feb3f09627ba6c817025c57b51702251d8a",
                "sha256:f0dba7708495b7b533da449c0aabb8bfe377cfb101945a647ca0db7c95edcadb",
                "sha256:fd6fc304a3179d004c4805576cb9f6c47429c6ec8a9feb341d07294d57dcedfe"
            ],
            "version": "==0.6.1"
        },
        "pandas": {
            "hashes": [
                "sha256:09e0503758ad61afe81c9069505f8cb8c1e36ea8cc1e6826a95823ef5b327daf",
                "sha256:0a11a6290ef3667575cbd4785a1b62d658c25a2fd70a5adedba32e156a8f1773",
                "sha256:0d9a38a59242a2f6298fff45d09768b78b6eb0c52af5919ea9e45965d7ba56d9",
                "sha256:112c5ba0f9ea0f60b2cc38c25f87ca1d5ca10f71efbee8e0f1bee9cf584ed5d5",
                "sha256:185cf8c8f38b169dbf7001e1a88c511f653fbb9dfa3e048f5e19c38049e991dc",
                "sha256:3aa8e10768c730cc1b610aca688f588831fa70b65a26cb549fbb9f35049a05e0",
                "sha256:41746d520f2b50409dffdba29a15c42caa7babae15616bcf80800d8cfcae3d3e",
                "sha256:43cea38cbcadb900829858884f49745eb1f42f92609d368cabcc674b03e90efc",
                "sha256:5378f58172bd63d8c16dd5d008d7dcdd55bf803fcdbe7da2dcb65dbbf322f05b",
                "sha256:54404abb1cd3f89d01f1fb5350607815326790efb4789be60508f458cdd5ccbf",
                "sha256:5dac3aeaac5feb1016e94bde851eb2012d1733a222b8afa788202b836c97dad5",
                "sha256:5fdb2a61e477ce58d3f1fdf2470ee142d9f0dde4969032edaf0b8f1a9dafeaa2",
                "sha256:6613c7815ee0b20222178ad32ec144061cb07e6a746970c9160af1ebe3ad43b4",
                "sha256:6d2b5b58e7df46b2c010ec78d7fb9ab20abf1d306d0614d3432e7478993fbdb0",
                "sha256:8a5d7e57b9df2c0a9a202840b2881bb1f7a648eba12dd2d919ac07a33a36a97f",
                "sha256:8b4c2055ebd6e497e5ecc06efa5b8aa76f59d15233356eb10dad22a03b757805",
                "sha256:a15653480e5b92ee376f8458197a58cca89a6e95d12cccb4c2d933df5cecc63f",
                "sha256:a7d2547b601ecc9a53fd41561de49a43d2231728ad65c7713d6b616cd02ddbed",
                "sha256:a979d0404b135c63954dea79e6246c45dd45371a88631cdbb4877d844e6de3b6",
                "sha256:b1f8111635700de7ac350b639e7e452b06fc541a328cf6193cf8fc638804bab8",
                "sha256:c5a3597880a7a29a31ebd39b73b2c824316ae63a05c3c8a5ce2aea3fc68afe35",
                "sha256:c681e8fcc47a767bf868341d8f0d76923733cbdcabd6ec3a3560695c69f14a1e",
                "sha256:cf135a08f306ebbcfea6da8bf775217613917be23e5074c69215b91e180caab4",
                "sha256:e2b8557fe6d0a18db4d61c028c6af61bfed44ef90e419ed6fadbdc079eba141e"
            ],
            "markers": "python_full_version >= '3.6.1'",
            "version": "==1.1.4"
        },
        "pillow": {
            "hashes": [
                "sha256:006de60d7580d81f4a1a7e9f0173dc90a932e3905cc4d47ea909bc946302311a",
                "sha256:0a2e8d03787ec7ad71dc18aec9367c946ef8ef50e1e78c71f743bc3a770f9fae",
                "sha256:0eeeae397e5a79dc088d8297a4c2c6f901f8fb30db47795113a4a605d0f1e5ce",
                "sha256:11c5c6e9b02c9dac08af04f093eb5a2f84857df70a7d4a6a6ad461aca803fb9e",
                "sha256:2fb113757a369a6cdb189f8df3226e995acfed0a8919a72416626af1a0a71140",
                "sha256:4b0ef2470c4979e345e4e0cc1bbac65fda11d0d7b789dbac035e4c6ce3f98adb",
                "sha256:59e903ca800c8cfd1ebe482349ec7c35687b95e98cefae213e271c8c7fffa021",
                "sha256:5abd653a23c35d980b332bc0431d39663b1709d64142e3652890df4c9b6970f6",
                "sha256:5f9403af9c790cc18411ea398a6950ee2def2a830ad0cfe6dc9122e6d528b302",
                "sha256:6b4a8fd632b4ebee28282a9fef4c341835a1aa8671e2770b6f89adc8e8c2703c",
                "sha256:6c1aca8231625115104a06e4389fcd9ec88f0c9befbabd80dc206c35561be271",
                "sha256:795e91a60f291e75de2e20e6bdd67770f793c8605b553cb6e4387ce0cb302e09",
                "sha256:7ba0ba61252ab23052e642abdb17fd08fdcfdbbf3b74c969a30c58ac1ade7cd3",
                "sha256:7c9401e68730d6c4245b8e361d3d13e1035cbc94db86b49dc7da8bec235d0015",
                "sha256:81f812d8f5e8a09b246515fac141e9d10113229bc33ea073fec11403b016bcf3",
                "sha256:895d54c0ddc78a478c80f9c438579ac15f3e27bf442c2a9aa74d41d0e4d12544",
                "sha256:8de332053707c80963b589b22f8e0229f1be1f3ca862a932c1bcd48dafb18dd8",
                "sha256:92c882b70a40c79de9f5294dc99390671e07fc0b0113d472cbea3fde15db1792",
                "sha256:95edb1ed513e68bddc2aee3de66ceaf743590bf16c023fb9977adc4be15bd3f0",
                "sha256:b63d4ff734263ae4ce6593798bcfee6dbfb00523c82753a3a03cbc05555a9cc3",
                "sha256:bd7bf289e05470b1bc74889d1466d9ad4a56d201f24397557b6f65c24a6844b8",
                "sha256:cc3ea6b23954da84dbee8025c616040d9aa5eaf34ea6895a0a762ee9d3e12e11",
                "sha256:cc9ec588c6ef3a1325fa032ec14d97b7309db493782ea8c304666fb10c3bd9a7",
                "sha256:d3d07c86d4efa1facdf32aa878bd508c0dc4f87c48125cc16b937baa4e5b5e11",
                "sha256:d8a96747df78cda35980905bf26e72960cba6d355ace4780d4bdde3b217cdf1e",
                "sha256:e38d58d9138ef972fceb7aeec4be02e3f01d383723965bfcef14d174c8ccd039",
                "sha256:eb472586374dc66b31e36e14720747595c2b265ae962987261f044e5cce644b5",
                "sha256:fbd922f702582cb0d71ef94442bfca57624352622d75e3be7a1e7e9360b07e72"
            ],
            "markers": "python_version >= '3.6'",
            "version": "==8.0.1"
        },
        "progress": {
            "hashes": [
                "sha256:69ecedd1d1bbe71bf6313d88d1e6c4d2957b7f1d4f71312c211257f7dae64372"
            ],
            "version": "==1.5"
        },
        "pycollada": {
            "hashes": [
                "sha256:fcd6f38fd981e350f9ec754d9671834017accd600e967d6d299a6cfdae5ba4f4"
            ],
            "version": "==0.6"
        },
        "pyglet": {
            "hashes": [
                "sha256:47018e20bdbbaa4c1aa4e9eb533f30f9312997b2326dda0bdc4df144b2eeb935",
                "sha256:4827e62517f2c39b39f6028abab1c22d0d2503cf31fa46cc0f8de3904c28d05e"
            ],
            "version": "==1.5.11"
        },
        "pymanopt": {
            "hashes": [
                "sha256:8af3d12fee9f0b6a6756d271972307d7bbee4d3fcef7eed654017cc9c26893d9",
                "sha256:aa8c295f932ff76e8f470aa1fe60148588ad738b9fae8d07c83291cb4438aa15"
            ],
            "version": "==0.2.5"
        },
        "pyopengl": {
            "hashes": [
                "sha256:5b3a14a4e4c87cf25ca41bc5878583df0e434624b13fcc55d1a672f79ad1b76f",
                "sha256:9b47c5c3a094fa518ca88aeed35ae75834d53e4285512c61879f67a48c94ddaf",
                "sha256:efa4e39a49b906ccbe66758812ca81ced13a6f26931ab2ba2dba2750c016c0d0"
            ],
            "version": "==3.1.0"
        },
        "pyparsing": {
            "hashes": [
                "sha256:c203ec8783bf771a155b207279b9bccb8dea02d8f0c9e5f8ead507bc3246ecc1",
                "sha256:ef9d7589ef3c200abe66653d3f1ab1033c3c419ae9b9bdb1240a85b024efc88b"
            ],
            "markers": "python_version >= '2.6' and python_version not in '3.0, 3.1, 3.2, 3.3'",
            "version": "==2.4.7"
        },
        "pyrender": {
            "hashes": [
                "sha256:0262f4d5af42dce74bfd519c5a6630833c0ea2696c9fa055a84b697457e4d262",
                "sha256:0a5556086e94232ef251c2b05fd897baa06cd84ebd0a2b07b2e6bf42414a093e"
            ],
            "version": "==0.1.43"
        },
        "python-dateutil": {
            "hashes": [
                "sha256:73ebfe9dbf22e832286dafa60473e4cd239f8592f699aa5adaf10050e6e1823c",
                "sha256:75bb3f31ea686f1197762692a9ee6a7550b59fc6ca3a1f4b5d7e32fb98e2da2a"
            ],
            "markers": "python_version >= '2.7' and python_version not in '3.0, 3.1, 3.2, 3.3'",
            "version": "==2.8.1"
        },
        "pytz": {
            "hashes": [
                "sha256:3e6b7dd2d1e0a59084bcee14a17af60c5c562cdc16d828e8eba2e683d3a7e268",
                "sha256:5c55e189b682d420be27c6995ba6edce0c0a77dd67bfbe2ae6607134d5851ffd"
            ],
            "version": "==2020.4"
        },
        "scipy": {
            "hashes": [
                "sha256:168c45c0c32e23f613db7c9e4e780bc61982d71dcd406ead746c7c7c2f2004ce",
                "sha256:213bc59191da2f479984ad4ec39406bf949a99aba70e9237b916ce7547b6ef42",
                "sha256:25b241034215247481f53355e05f9e25462682b13bd9191359075682adcd9554",
                "sha256:2c872de0c69ed20fb1a9b9cf6f77298b04a26f0b8720a5457be08be254366c6e",
                "sha256:3397c129b479846d7eaa18f999369a24322d008fac0782e7828fa567358c36ce",
                "sha256:368c0f69f93186309e1b4beb8e26d51dd6f5010b79264c0f1e9ca00cd92ea8c9",
                "sha256:3d5db5d815370c28d938cf9b0809dade4acf7aba57eaf7ef733bfedc9b2474c4",
                "sha256:4598cf03136067000855d6b44d7a1f4f46994164bcd450fb2c3d481afc25dd06",
                "sha256:4a453d5e5689de62e5d38edf40af3f17560bfd63c9c5bd228c18c1f99afa155b",
                "sha256:4f12d13ffbc16e988fa40809cbbd7a8b45bc05ff6ea0ba8e3e41f6f4db3a9e47",
                "sha256:634568a3018bc16a83cda28d4f7aed0d803dd5618facb36e977e53b2df868443",
                "sha256:65923bc3809524e46fb7eb4d6346552cbb6a1ffc41be748535aa502a2e3d3389",
                "sha256:6b0ceb23560f46dd236a8ad4378fc40bad1783e997604ba845e131d6c680963e",
                "sha256:8c8d6ca19c8497344b810b0b0344f8375af5f6bb9c98bd42e33f747417ab3f57",
                "sha256:9ad4fcddcbf5dc67619379782e6aeef41218a79e17979aaed01ed099876c0e62",
                "sha256:a254b98dbcc744c723a838c03b74a8a34c0558c9ac5c86d5561703362231107d",
                "sha256:b03c4338d6d3d299e8ca494194c0ae4f611548da59e3c038813f1a43976cb437",
                "sha256:cc1f78ebc982cd0602c9a7615d878396bec94908db67d4ecddca864d049112f2",
                "sha256:d6d25c41a009e3c6b7e757338948d0076ee1dd1770d1c09ec131f11946883c54",
                "sha256:d84cadd7d7998433334c99fa55bcba0d8b4aeff0edb123b2a1dfcface538e474",
                "sha256:e360cb2299028d0b0d0f65a5c5e51fc16a335f1603aa2357c25766c8dab56938",
                "sha256:e98d49a5717369d8241d6cf33ecb0ca72deee392414118198a8e5b4c35c56340",
                "sha256:ed572470af2438b526ea574ff8f05e7f39b44ac37f712105e57fc4d53a6fb660",
                "sha256:f87b39f4d69cf7d7529d7b1098cb712033b17ea7714aed831b95628f483fd012",
                "sha256:fa789583fc94a7689b45834453fec095245c7e69c58561dc159b5d5277057e4c"
            ],
            "markers": "python_version >= '3.6'",
            "version": "==1.5.4"
        },
        "scs": {
            "hashes": [
                "sha256:667ed6019bb4e2f925bd9291161d2c61cc0077443094437b703ea905333fd585"
            ],
            "version": "==2.1.2"
        },
        "six": {
            "hashes": [
                "sha256:30639c035cdb23534cd4aa2dd52c3bf48f06e5f4a941509c8bafd8ce11080259",
                "sha256:8b74bedcbbbaca38ff6d7491d76f2b06b3592611af620f8426e82dddb04a5ced"
            ],
            "markers": "python_version >= '2.7' and python_version not in '3.0, 3.1, 3.2, 3.3'",
            "version": "==1.15.0"
        },
        "sympy": {
            "hashes": [
                "sha256:0f6c5724a999eca02f4b453260b0c7151d6fa076313f441274db98bbf97ba8cd",
                "sha256:1cfadcc80506e4b793f5b088558ca1fcbeaec24cd6fc86f1fdccaa3ee1d48708"
            ],
            "markers": "python_version >= '3.5'",
            "version": "==1.6.2"
        },
        "trimesh": {
            "hashes": [
                "sha256:b31dfd9d8cba0271a5a447250bc07cdb5c3b1fd21b76b88a63dcd4bcdcb80769",
                "sha256:fdbc11807903f1b549d902ea9ae8d9951e60305699718b7a27a385b55e212b67"
            ],
            "version": "==3.8.13"
        },
        "urdfpy": {
            "hashes": [
                "sha256:9dc30ebd8f26f1812d2adb9f542dffeb4537963fa2588d14d98e2f6b862d798f",
                "sha256:ec9d944bd8a28fe0914b6038e8119ebd53905bc4c507744e35b46a3fa02529bd"
            ],
            "index": "pypi",
            "version": "==0.0.22"
        }
    },
    "develop": {}
}
